
Microsoft Visual Studio Solution File, Format Version 12.00
# Visual Studio Version 17
VisualStudioVersion = 17.2.32616.157
MinimumVisualStudioVersion = 10.0.40219.1
Project("{FAE04EC0-301F-11D3-BF4B-00C04F79EFBC}") = "SayiKaresiAlmaMetot", "SayiKaresiAlmaMetot\SayiKaresiAlmaMetot.csproj", "{48995999-9B16-4FE4-8C1E-21B5A36203A0}"
EndProject
Global
	GlobalSection(SolutionConfigurationPlatforms) = preSolution
		Debug|Any CPU = Debug|Any CPU
		Release|Any CPU = Release|Any CPU
	EndGlobalSection
	GlobalSection(ProjectConfigurationPlatforms) = postSolution
		{48995999-9B16-4FE4-8C1E-21B5A36203A0}.Debug|Any CPU.ActiveCfg = Debug|Any CPU
		{48995999-9B16-4FE4-8C1E-21B5A36203A0}.Debug|Any CPU.Build.0 = Debug|Any CPU
		{48995999-9B16-4FE4-8C1E-21B5A36203A0}.Release|Any CPU.ActiveCfg = Release|Any CPU
		{48995999-9B16-4FE4-8C1E-21B5A36203A0}.Release|Any CPU.Build.0 = Release|Any CPU
	EndGlobalSection
	GlobalSection(SolutionProperties) = preSolution
		HideSolutionNode = FALSE
	EndGlobalSection
	GlobalSection(ExtensibilityGlobals) = postSolution
		SolutionGuid = {81646D76-D59E-45E1-9FDC-564935E989E2}
	EndGlobalSection
EndGlobal
